
Microsoft Visual Studio Solution File, Format Version 12.00
# Visual Studio Version 17
VisualStudioVersion = 17.3.32825.248
MinimumVisualStudioVersion = 10.0.40219.1
Project("{FAE04EC0-301F-11D3-BF4B-00C04F79EFBC}") = "Library_Management", "Library_management\Library_Management.csproj", "{FCCBF860-7307-406E-83C4-7CC319CD15B7}"
EndProject
Project("{FAE04EC0-301F-11D3-BF4B-00C04F79EFBC}") = "LibraryManagementEntity", "LibraryManagementEntity\LibraryManagementEntity.csproj", "{F070B223-ADF1-4155-9AFF-02D70C45BCC5}"
EndProject
Project("{FAE04EC0-301F-11D3-BF4B-00C04F79EFBC}") = "LibraryManagementDataa", "LibraryManagementDataa\LibraryManagementDataa.csproj", "{3CE6ABDD-44A5-4352-B37D-C14FC4004AF5}"
EndProject
Project("{FAE04EC0-301F-11D3-BF4B-00C04F79EFBC}") = "LibraryManagementBusinesss", "LibraryManagementBusinesss\LibraryManagementBusinesss.csproj", "{6DB70F32-140F-4468-B9CC-18C0F590C86B}"
EndProject
Global
	GlobalSection(SolutionConfigurationPlatforms) = preSolution
		Debug|Any CPU = Debug|Any CPU
		Release|Any CPU = Release|Any CPU
	EndGlobalSection
	GlobalSection(ProjectConfigurationPlatforms) = postSolution
		{FCCBF860-7307-406E-83C4-7CC319CD15B7}.Debug|Any CPU.ActiveCfg = Debug|Any CPU
		{FCCBF860-7307-406E-83C4-7CC319CD15B7}.Debug|Any CPU.Build.0 = Debug|Any CPU
		{FCCBF860-7307-406E-83C4-7CC319CD15B7}.Release|Any CPU.ActiveCfg = Release|Any CPU
		{FCCBF860-7307-406E-83C4-7CC319CD15B7}.Release|Any CPU.Build.0 = Release|Any CPU
		{F070B223-ADF1-4155-9AFF-02D70C45BCC5}.Debug|Any CPU.ActiveCfg = Debug|Any CPU
		{F070B223-ADF1-4155-9AFF-02D70C45BCC5}.Debug|Any CPU.Build.0 = Debug|Any CPU
		{F070B223-ADF1-4155-9AFF-02D70C45BCC5}.Release|Any CPU.ActiveCfg = Release|Any CPU
		{F070B223-ADF1-4155-9AFF-02D70C45BCC5}.Release|Any CPU.Build.0 = Release|Any CPU
		{3CE6ABDD-44A5-4352-B37D-C14FC4004AF5}.Debug|Any CPU.ActiveCfg = Debug|Any CPU
		{3CE6ABDD-44A5-4352-B37D-C14FC4004AF5}.Debug|Any CPU.Build.0 = Debug|Any CPU
		{3CE6ABDD-44A5-4352-B37D-C14FC4004AF5}.Release|Any CPU.ActiveCfg = Release|Any CPU
		{3CE6ABDD-44A5-4352-B37D-C14FC4004AF5}.Release|Any CPU.Build.0 = Release|Any CPU
		{6DB70F32-140F-4468-B9CC-18C0F590C86B}.Debug|Any CPU.ActiveCfg = Debug|Any CPU
		{6DB70F32-140F-4468-B9CC-18C0F590C86B}.Debug|Any CPU.Build.0 = Debug|Any CPU
		{6DB70F32-140F-4468-B9CC-18C0F590C86B}.Release|Any CPU.ActiveCfg = Release|Any CPU
		{6DB70F32-140F-4468-B9CC-18C0F590C86B}.Release|Any CPU.Build.0 = Release|Any CPU
	EndGlobalSection
	GlobalSection(SolutionProperties) = preSolution
		HideSolutionNode = FALSE
	EndGlobalSection
	GlobalSection(ExtensibilityGlobals) = postSolution
		SolutionGuid = {D2D518EF-8653-4C18-B932-BDC224CCBD24}
	EndGlobalSection
EndGlobal
